
Microsoft Visual Studio Solution File, Format Version 12.00
# Visual Studio Version 16
VisualStudioVersion = 16.0.30204.135
MinimumVisualStudioVersion = 10.0.40219.1
Project("{FAE04EC0-301F-11D3-BF4B-00C04F79EFBC}") = "ToDoApi", "ToDoApi\ToDoApi.csproj", "{70A8B2F4-4B5C-4275-9E1D-4CF30C9BFCEC}"
EndProject
Global
	GlobalSection(SolutionConfigurationPlatforms) = preSolution
		Debug|Any CPU = Debug|Any CPU
		Release|Any CPU = Release|Any CPU
	EndGlobalSection
	GlobalSection(ProjectConfigurationPlatforms) = postSolution
		{70A8B2F4-4B5C-4275-9E1D-4CF30C9BFCEC}.Debug|Any CPU.ActiveCfg = Debug|Any CPU
		{70A8B2F4-4B5C-4275-9E1D-4CF30C9BFCEC}.Debug|Any CPU.Build.0 = Debug|Any CPU
		{70A8B2F4-4B5C-4275-9E1D-4CF30C9BFCEC}.Release|Any CPU.ActiveCfg = Release|Any CPU
		{70A8B2F4-4B5C-4275-9E1D-4CF30C9BFCEC}.Release|Any CPU.Build.0 = Release|Any CPU
	EndGlobalSection
	GlobalSection(SolutionProperties) = preSolution
		HideSolutionNode = FALSE
	EndGlobalSection
	GlobalSection(ExtensibilityGlobals) = postSolution
		SolutionGuid = {B1B26A2E-B6F9-4EB4-BB20-40305580A566}
	EndGlobalSection
EndGlobal
